Microsoft Visual Studio Solution File, Format Version 11.00
# Visual Studio 2008

Project("{410CFE4F-2523-7B0B-5658-27700D45DD7A}") = "CSharpScope Tongji", "Assembly-CSharp.csproj", "{68ED8F45-5959-1F67-2CE8-CD3035ED2716}"
EndProject
Global
	GlobalSection(SolutionConfigurationPlatforms) = preSolution
		Debug|Any CPU = Debug|Any CPU
		Release|Any CPU = Release|Any CPU
	EndGlobalSection
	GlobalSection(ProjectConfigurationPlatforms) = postSolution
		{68ED8F45-5959-1F67-2CE8-CD3035ED2716}.Debug|Any CPU.ActiveCfg = Debug|Any CPU
		{68ED8F45-5959-1F67-2CE8-CD3035ED2716}.Debug|Any CPU.Build.0 = Debug|Any CPU
		{68ED8F45-5959-1F67-2CE8-CD3035ED2716}.Release|Any CPU.ActiveCfg = Release|Any CPU
		{68ED8F45-5959-1F67-2CE8-CD3035ED2716}.Release|Any CPU.Build.0 = Release|Any CPU
	EndGlobalSection
	GlobalSection(SolutionProperties) = preSolution
		HideSolutionNode = FALSE
	EndGlobalSection
	GlobalSection(MonoDevelopProperties) = preSolution
		StartupItem = Assembly-CSharp.csproj
	EndGlobalSection
EndGlobal
